{
  "nodes": {
    "flake-utils": {
      "inputs": {
        "systems": "systems"
      },
      "locked": {
        "lastModified": 1731533236,
        "narHash": "sha256-l0KFg5HjrsfsO/JpG+r7fRrqm12kzFHyUHqHCVpMMbI=",
        "owner": "numtide",
        "repo": "flake-utils",
        "rev": "11707dc2f618dd54ca8739b309ec4fc024de578b",
        "type": "github"
      },
      "original": {
        "owner": "numtide",
        "repo": "flake-utils",
        "type": "github"
      }
    },
    "home-manager": {
      "inputs": {
        "nixpkgs": [
          "nixpkgs"
        ]
      },
      "locked": {
        "lastModified": 1742326330,
        "narHash": "sha256-Tumt3tcMXJniSh7tw2gW+WAnVLeB3WWm+E+yYFnLBXo=",
        "owner": "nix-community",
        "repo": "home-manager",
        "rev": "22a36aa709de7dd42b562a433b9cefecf104a6ee",
        "type": "github"
      },
      "original": {
        "owner": "nix-community",
        "repo": "home-manager",
        "type": "github"
      }
    },
    "nixos-hardware": {
      "locked": {
        "lastModified": 1742217307,
        "narHash": "sha256-3fwpN7KN226ghLlpO9TR0/WpgQOmOj1e8bieUxpIYSk=",
        "owner": "NixOS",
        "repo": "nixos-hardware",
        "rev": "4f4d97d7b7be387286cc9c988760a7ebaa5be1f1",
        "type": "github"
      },
      "original": {
        "owner": "NixOS",
        "ref": "master",
        "repo": "nixos-hardware",
        "type": "github"
      }
    },
    "nixpkgs": {
      "locked": {
        "lastModified": 1742069588,
        "narHash": "sha256-C7jVfohcGzdZRF6DO+ybyG/sqpo1h6bZi9T56sxLy+k=",
        "owner": "nixos",
        "repo": "nixpkgs",
        "rev": "c80f6a7e10b39afcc1894e02ef785b1ad0b0d7e5",
        "type": "github"
      },
      "original": {
        "owner": "nixos",
        "ref": "nixos-unstable",
        "repo": "nixpkgs",
        "type": "github"
      }
    },
    "nixpkgs-stable": {
      "locked": {
        "lastModified": 1742268799,
        "narHash": "sha256-IhnK4LhkBlf14/F8THvUy3xi/TxSQkp9hikfDZRD4Ic=",
        "owner": "nixos",
        "repo": "nixpkgs",
        "rev": "da044451c6a70518db5b730fe277b70f494188f1",
        "type": "github"
      },
      "original": {
        "owner": "nixos",
        "ref": "nixos-24.11",
        "repo": "nixpkgs",
        "type": "github"
      }
    },
    "plasma-manager": {
      "inputs": {
        "home-manager": [
          "home-manager"
        ],
        "nixpkgs": [
          "nixpkgs"
        ]
      },
      "locked": {
        "lastModified": 1740569341,
        "narHash": "sha256-WV8nY2IOfWdzBF5syVgCcgOchg/qQtpYh6LECYS9XkY=",
        "owner": "nix-community",
        "repo": "plasma-manager",
        "rev": "5eeb0172fb74392053b66a8149e61b5e191b2845",
        "type": "github"
      },
      "original": {
        "owner": "nix-community",
        "repo": "plasma-manager",
        "type": "github"
      }
    },
    "root": {
      "inputs": {
        "flake-utils": "flake-utils",
        "home-manager": "home-manager",
        "nixos-hardware": "nixos-hardware",
        "nixpkgs": "nixpkgs",
        "nixpkgs-stable": "nixpkgs-stable",
        "plasma-manager": "plasma-manager",
        "sops-nix": "sops-nix"
      }
    },
    "sops-nix": {
      "inputs": {
        "nixpkgs": [
          "nixpkgs"
        ]
      },
      "locked": {
        "lastModified": 1742239755,
        "narHash": "sha256-ptn8dR4Uat3UUadGYNnB7CIH9SQm8mK69D2A/twBUXQ=",
        "owner": "Mic92",
        "repo": "sops-nix",
        "rev": "787afce414bcce803b605c510b60bf43c11f4b55",
        "type": "github"
      },
      "original": {
        "owner": "Mic92",
        "repo": "sops-nix",
        "type": "github"
      }
    },
    "systems": {
      "locked": {
        "lastModified": 1681028828,
        "narHash": "sha256-Vy1rq5AaRuLzOxct8nz4T6wlgyUR7zLU309k9mBC768=",
        "owner": "nix-systems",
        "repo": "default",
        "rev": "da67096a3b9bf56a91d16901293e51ba5b49a27e",
        "type": "github"
      },
      "original": {
        "owner": "nix-systems",
        "repo": "default",
        "type": "github"
      }
    }
  },
  "root": "root",
  "version": 7
}
