{
  "nodes": {
    "flake-utils": {
      "inputs": {
        "systems": "systems"
      },
      "locked": {
        "lastModified": 1731533236,
        "narHash": "sha256-l0KFg5HjrsfsO/JpG+r7fRrqm12kzFHyUHqHCVpMMbI=",
        "owner": "numtide",
        "repo": "flake-utils",
        "rev": "11707dc2f618dd54ca8739b309ec4fc024de578b",
        "type": "github"
      },
      "original": {
        "owner": "numtide",
        "repo": "flake-utils",
        "type": "github"
      }
    },
    "home-manager": {
      "inputs": {
        "nixpkgs": [
          "nixpkgs"
        ]
      },
      "locked": {
        "lastModified": 1748618795,
        "narHash": "sha256-XrNoXAbUenzde4NKMsuCYdmW8t+2/Ks+vcFrlwRh4K4=",
        "owner": "nix-community",
        "repo": "home-manager",
        "rev": "214f9bd3a693bbc8cc6d705d01421787e04eaacd",
        "type": "github"
      },
      "original": {
        "owner": "nix-community",
        "repo": "home-manager",
        "type": "github"
      }
    },
    "nixos-hardware": {
      "locked": {
        "lastModified": 1748613622,
        "narHash": "sha256-SLB2MV138ujdjw0ETEakNt/o2O+d/QtvNLlwaBZSWKg=",
        "owner": "NixOS",
        "repo": "nixos-hardware",
        "rev": "b9d69212b5e65620e7d5b08df818db656f7fefb3",
        "type": "github"
      },
      "original": {
        "owner": "NixOS",
        "ref": "master",
        "repo": "nixos-hardware",
        "type": "github"
      }
    },
    "nixpkgs": {
      "locked": {
        "lastModified": 1748460289,
        "narHash": "sha256-7doLyJBzCllvqX4gszYtmZUToxKvMUrg45EUWaUYmBg=",
        "owner": "nixos",
        "repo": "nixpkgs",
        "rev": "96ec055edbe5ee227f28cdbc3f1ddf1df5965102",
        "type": "github"
      },
      "original": {
        "owner": "nixos",
        "ref": "nixos-unstable",
        "repo": "nixpkgs",
        "type": "github"
      }
    },
    "nixpkgs-stable": {
      "locked": {
        "lastModified": 1748437600,
        "narHash": "sha256-hYKMs3ilp09anGO7xzfGs3JqEgUqFMnZ8GMAqI6/k04=",
        "owner": "nixos",
        "repo": "nixpkgs",
        "rev": "7282cb574e0607e65224d33be8241eae7cfe0979",
        "type": "github"
      },
      "original": {
        "owner": "nixos",
        "ref": "nixos-25.05",
        "repo": "nixpkgs",
        "type": "github"
      }
    },
    "plasma-manager": {
      "inputs": {
        "home-manager": [
          "home-manager"
        ],
        "nixpkgs": [
          "nixpkgs"
        ]
      },
      "locked": {
        "lastModified": 1748196248,
        "narHash": "sha256-1iHjsH6/5UOerJEoZKE+Gx1BgAoge/YcnUsOA4wQ/BU=",
        "owner": "nix-community",
        "repo": "plasma-manager",
        "rev": "b7697abe89967839b273a863a3805345ea54ab56",
        "type": "github"
      },
      "original": {
        "owner": "nix-community",
        "repo": "plasma-manager",
        "type": "github"
      }
    },
    "rambo": {
      "inputs": {
        "flake-utils": [
          "flake-utils"
        ],
        "nixpkgs": [
          "nixpkgs"
        ]
      },
      "locked": {
        "lastModified": 1748691597,
        "narHash": "sha256-ffX+HaTvDxmC5OUuWcAhbAL2nthg+2mR4E1SeVJE++0=",
        "owner": "SteveBinary",
        "repo": "rambo",
        "rev": "1b60ece4de9d7ef77bc83836cd19209b3ae7c8a4",
        "type": "github"
      },
      "original": {
        "owner": "SteveBinary",
        "repo": "rambo",
        "type": "github"
      }
    },
    "root": {
      "inputs": {
        "flake-utils": "flake-utils",
        "home-manager": "home-manager",
        "nixos-hardware": "nixos-hardware",
        "nixpkgs": "nixpkgs",
        "nixpkgs-stable": "nixpkgs-stable",
        "plasma-manager": "plasma-manager",
        "rambo": "rambo",
        "sops-nix": "sops-nix"
      }
    },
    "sops-nix": {
      "inputs": {
        "nixpkgs": [
          "nixpkgs"
        ]
      },
      "locked": {
        "lastModified": 1747603214,
        "narHash": "sha256-lAblXm0VwifYCJ/ILPXJwlz0qNY07DDYdLD+9H+Wc8o=",
        "owner": "Mic92",
        "repo": "sops-nix",
        "rev": "8d215e1c981be3aa37e47aeabd4e61bb069548fd",
        "type": "github"
      },
      "original": {
        "owner": "Mic92",
        "repo": "sops-nix",
        "type": "github"
      }
    },
    "systems": {
      "locked": {
        "lastModified": 1681028828,
        "narHash": "sha256-Vy1rq5AaRuLzOxct8nz4T6wlgyUR7zLU309k9mBC768=",
        "owner": "nix-systems",
        "repo": "default",
        "rev": "da67096a3b9bf56a91d16901293e51ba5b49a27e",
        "type": "github"
      },
      "original": {
        "owner": "nix-systems",
        "repo": "default",
        "type": "github"
      }
    }
  },
  "root": "root",
  "version": 7
}
